
Microsoft Visual Studio Solution File, Format Version 12.00
# Visual Studio Version 17
VisualStudioVersion = 17.5.33502.453
MinimumVisualStudioVersion = 10.0.40219.1
Project("{FAE04EC0-301F-11D3-BF4B-00C04F79EFBC}") = "OnCallDeveloperApi", "OnCallDeveloperApi\OnCallDeveloperApi.csproj", "{E9FD8E19-140E-494B-9332-CBD102AB7C04}"
EndProject
Project("{FAE04EC0-301F-11D3-BF4B-00C04F79EFBC}") = "OnCallDeveloperApi.AcceptanceTests", "OnCallDeveloperApi.AcceptanceTests\OnCallDeveloperApi.AcceptanceTests.csproj", "{03BE0B23-A9D8-4F2E-8F96-4582C7255F4B}"
EndProject
Project("{FAE04EC0-301F-11D3-BF4B-00C04F79EFBC}") = "OnCallDeveloperApi.UnitTests", "OnCallDeveloperApi.UnitTests\OnCallDeveloperApi.UnitTests.csproj", "{71744F89-6E79-417A-82C6-B90320C8F2A3}"
EndProject
Global
	GlobalSection(SolutionConfigurationPlatforms) = preSolution
		Debug|Any CPU = Debug|Any CPU
		Release|Any CPU = Release|Any CPU
	EndGlobalSection
	GlobalSection(ProjectConfigurationPlatforms) = postSolution
		{E9FD8E19-140E-494B-9332-CBD102AB7C04}.Debug|Any CPU.ActiveCfg = Debug|Any CPU
		{E9FD8E19-140E-494B-9332-CBD102AB7C04}.Debug|Any CPU.Build.0 = Debug|Any CPU
		{E9FD8E19-140E-494B-9332-CBD102AB7C04}.Release|Any CPU.ActiveCfg = Release|Any CPU
		{E9FD8E19-140E-494B-9332-CBD102AB7C04}.Release|Any CPU.Build.0 = Release|Any CPU
		{03BE0B23-A9D8-4F2E-8F96-4582C7255F4B}.Debug|Any CPU.ActiveCfg = Debug|Any CPU
		{03BE0B23-A9D8-4F2E-8F96-4582C7255F4B}.Debug|Any CPU.Build.0 = Debug|Any CPU
		{03BE0B23-A9D8-4F2E-8F96-4582C7255F4B}.Release|Any CPU.ActiveCfg = Release|Any CPU
		{03BE0B23-A9D8-4F2E-8F96-4582C7255F4B}.Release|Any CPU.Build.0 = Release|Any CPU
		{71744F89-6E79-417A-82C6-B90320C8F2A3}.Debug|Any CPU.ActiveCfg = Debug|Any CPU
		{71744F89-6E79-417A-82C6-B90320C8F2A3}.Debug|Any CPU.Build.0 = Debug|Any CPU
		{71744F89-6E79-417A-82C6-B90320C8F2A3}.Release|Any CPU.ActiveCfg = Release|Any CPU
		{71744F89-6E79-417A-82C6-B90320C8F2A3}.Release|Any CPU.Build.0 = Release|Any CPU
	EndGlobalSection
	GlobalSection(SolutionProperties) = preSolution
		HideSolutionNode = FALSE
	EndGlobalSection
	GlobalSection(ExtensibilityGlobals) = postSolution
		SolutionGuid = {6F078D6F-47FF-4FA0-9372-63CB1FF58B35}
	EndGlobalSection
EndGlobal
